<?xml version="1.0" encoding="utf-8"?>
<Project ToolsVersion="4.0" xmlns="http://schemas.microsoft.com/developer/msbuild/2003">
  <ItemGroup>
    <ClCompile Include="for%28별찍기%29.c">
      <Filter>source\for</Filter>
    </ClCompile>
    <ClCompile Include="for(구구단).c">
      <Filter>source\for</Filter>
    </ClCompile>
    <ClCompile Include="for(별~직각삼각형).c">
      <Filter>source\for</Filter>
    </ClCompile>
    <ClCompile Include="for(별~피라미드).c">
      <Filter>source\for</Filter>
    </ClCompile>
    <ClCompile Include="while(구구단).c">
      <Filter>source\while</Filter>
    </ClCompile>
    <ClCompile Include="while%28별~직각삼각형 반대로%29.c">
      <Filter>source\while</Filter>
    </ClCompile>
    <ClCompile Include="while%28별~직각삼각형%29.c">
      <Filter>source\while</Filter>
    </ClCompile>
    <ClCompile Include="while(별~피라미드).c">
      <Filter>source\while</Filter>
    </ClCompile>
    <ClCompile Include="do while(구구단).c">
      <Filter>source\do while</Filter>
    </ClCompile>
    <ClCompile Include="do~while(별~피라미드).c">
      <Filter>source\do while</Filter>
    </ClCompile>
    <ClCompile Include="do~while(별찍기~직각삼각형).c">
      <Filter>source\do while</Filter>
    </ClCompile>
    <ClCompile Include="배열(char 배열).c">
      <Filter>source\배열</Filter>
    </ClCompile>
    <ClCompile Include="배열(gets,puts 함수).c">
      <Filter>source\배열</Filter>
    </ClCompile>
    <ClCompile Include="배열%28sizeof성적처리 프로그램%29.c">
      <Filter>source\배열</Filter>
    </ClCompile>
    <ClCompile Include="배열(strcpy 함수).c">
      <Filter>source\배열</Filter>
    </ClCompile>
    <ClCompile Include="배열(배열선언).c">
      <Filter>source\배열</Filter>
    </ClCompile>
    <ClCompile Include="배열(성적처리프로그램).c">
      <Filter>source\배열</Filter>
    </ClCompile>
    <ClCompile Include="포인터(const).c">
      <Filter>source\포인터</Filter>
    </ClCompile>
    <ClCompile Include="포인터(간접 참조 연산자).c">
      <Filter>source\포인터</Filter>
    </ClCompile>
    <ClCompile Include="포인터(정수의 합과 평균).c">
      <Filter>source\포인터</Filter>
    </ClCompile>
    <ClCompile Include="포인터(주소연산자).c">
      <Filter>source\포인터</Filter>
    </ClCompile>
    <ClCompile Include="포인터(정수의 합과 평균연습).c">
      <Filter>source\포인터</Filter>
    </ClCompile>
    <ClCompile Include="포인터(주소와 포인터).c">
      <Filter>source\포인터</Filter>
    </ClCompile>
    <ClCompile Include="포인터(허용되지 않는 포인터 대입).c">
      <Filter>source\포인터</Filter>
    </ClCompile>
    <ClCompile Include="포인터(swap).c">
      <Filter>source\포인터</Filter>
    </ClCompile>
  </ItemGroup>
  <ItemGroup>
    <Filter Include="source">
      <UniqueIdentifier>{9572f037-8dcb-469e-be93-b89674cd7a0f}</UniqueIdentifier>
    </Filter>
    <Filter Include="source\for">
      <UniqueIdentifier>{418dbbe9-d883-4abb-8dad-2e0282efd8dd}</UniqueIdentifier>
    </Filter>
    <Filter Include="source\while">
      <UniqueIdentifier>{df0eb54c-da55-4391-952f-89574b95ca8c}</UniqueIdentifier>
    </Filter>
    <Filter Include="source\do while">
      <UniqueIdentifier>{f6872f1a-7b71-466e-b482-58bc9da4a582}</UniqueIdentifier>
    </Filter>
    <Filter Include="source\배열">
      <UniqueIdentifier>{91948a93-03ec-4cc1-9188-4af5f6786c6a}</UniqueIdentifier>
    </Filter>
    <Filter Include="source\포인터">
      <UniqueIdentifier>{9e2b5461-2ad8-4d94-873e-e1222239e144}</UniqueIdentifier>
    </Filter>
  </ItemGroup>
</Project>